
Microsoft Visual Studio Solution File, Format Version 12.00
# Visual Studio Version 16
VisualStudioVersion = 16.0.30907.101
MinimumVisualStudioVersion = 10.0.40219.1
Project("{FAE04EC0-301F-11D3-BF4B-00C04F79EFBC}") = "ZhiFuBao", "ZhiFuBao\ZhiFuBao.csproj", "{0F62A830-8C94-443D-93AA-6420D7CE1752}"
EndProject
Project("{FAE04EC0-301F-11D3-BF4B-00C04F79EFBC}") = "AopSdk", "..\..\..\..\封豪\Desktop\作品\支付宝\alipay.trade.page.pay-DoNet-UTF-8\alipay-sdk-NET20170615110549\AopSdk.csproj", "{9C11CAE5-5188-4E71-825B-68FC3135728A}"
EndProject
Global
	GlobalSection(SolutionConfigurationPlatforms) = preSolution
		Debug|Any CPU = Debug|Any CPU
		Release|Any CPU = Release|Any CPU
	EndGlobalSection
	GlobalSection(ProjectConfigurationPlatforms) = postSolution
		{0F62A830-8C94-443D-93AA-6420D7CE1752}.Debug|Any CPU.ActiveCfg = Debug|Any CPU
		{0F62A830-8C94-443D-93AA-6420D7CE1752}.Debug|Any CPU.Build.0 = Debug|Any CPU
		{0F62A830-8C94-443D-93AA-6420D7CE1752}.Release|Any CPU.ActiveCfg = Release|Any CPU
		{0F62A830-8C94-443D-93AA-6420D7CE1752}.Release|Any CPU.Build.0 = Release|Any CPU
		{9C11CAE5-5188-4E71-825B-68FC3135728A}.Debug|Any CPU.ActiveCfg = Debug|Any CPU
		{9C11CAE5-5188-4E71-825B-68FC3135728A}.Debug|Any CPU.Build.0 = Debug|Any CPU
		{9C11CAE5-5188-4E71-825B-68FC3135728A}.Release|Any CPU.ActiveCfg = Release|Any CPU
		{9C11CAE5-5188-4E71-825B-68FC3135728A}.Release|Any CPU.Build.0 = Release|Any CPU
	EndGlobalSection
	GlobalSection(SolutionProperties) = preSolution
		HideSolutionNode = FALSE
	EndGlobalSection
	GlobalSection(ExtensibilityGlobals) = postSolution
		SolutionGuid = {8DA496E6-DCE3-43EE-BE1B-671974ABC843}
	EndGlobalSection
EndGlobal
